
Microsoft Visual Studio Solution File, Format Version 12.00
# Visual Studio Version 16
VisualStudioVersion = 16.0.30330.147
MinimumVisualStudioVersion = 10.0.40219.1
Project("{FAE04EC0-301F-11D3-BF4B-00C04F79EFBC}") = "PpaiImplementacion.IU", "PpaiImplementacion.IU\PpaiImplementacion.IU.csproj", "{FA43BE33-937E-4071-8FF9-997E9F0EC424}"
EndProject
Project("{FAE04EC0-301F-11D3-BF4B-00C04F79EFBC}") = "PpaiImplementacion.Datos", "PpaiImplementacion.Datos\PpaiImplementacion.Datos.csproj", "{C86F2B06-659F-4E03-9889-AB3799FE7AAB}"
EndProject
Project("{FAE04EC0-301F-11D3-BF4B-00C04F79EFBC}") = "PpaiImplementacion.Entidades", "PpaiImplementacion.Entities\PpaiImplementacion.Entidades.csproj", "{D767E315-17A6-49DC-9CA0-9B69A781B1BA}"
EndProject
Project("{FAE04EC0-301F-11D3-BF4B-00C04F79EFBC}") = "PpaiImplementacion.Logica", "PpaiImplementacion.Logica\PpaiImplementacion.Logica.csproj", "{047B28B4-D5EE-4D7F-A88C-7276A08A6537}"
EndProject
Global
	GlobalSection(SolutionConfigurationPlatforms) = preSolution
		Debug|Any CPU = Debug|Any CPU
		Release|Any CPU = Release|Any CPU
	EndGlobalSection
	GlobalSection(ProjectConfigurationPlatforms) = postSolution
		{FA43BE33-937E-4071-8FF9-997E9F0EC424}.Debug|Any CPU.ActiveCfg = Debug|Any CPU
		{FA43BE33-937E-4071-8FF9-997E9F0EC424}.Debug|Any CPU.Build.0 = Debug|Any CPU
		{FA43BE33-937E-4071-8FF9-997E9F0EC424}.Release|Any CPU.ActiveCfg = Release|Any CPU
		{FA43BE33-937E-4071-8FF9-997E9F0EC424}.Release|Any CPU.Build.0 = Release|Any CPU
		{C86F2B06-659F-4E03-9889-AB3799FE7AAB}.Debug|Any CPU.ActiveCfg = Debug|Any CPU
		{C86F2B06-659F-4E03-9889-AB3799FE7AAB}.Debug|Any CPU.Build.0 = Debug|Any CPU
		{C86F2B06-659F-4E03-9889-AB3799FE7AAB}.Release|Any CPU.ActiveCfg = Release|Any CPU
		{C86F2B06-659F-4E03-9889-AB3799FE7AAB}.Release|Any CPU.Build.0 = Release|Any CPU
		{D767E315-17A6-49DC-9CA0-9B69A781B1BA}.Debug|Any CPU.ActiveCfg = Debug|Any CPU
		{D767E315-17A6-49DC-9CA0-9B69A781B1BA}.Debug|Any CPU.Build.0 = Debug|Any CPU
		{D767E315-17A6-49DC-9CA0-9B69A781B1BA}.Release|Any CPU.ActiveCfg = Release|Any CPU
		{D767E315-17A6-49DC-9CA0-9B69A781B1BA}.Release|Any CPU.Build.0 = Release|Any CPU
		{047B28B4-D5EE-4D7F-A88C-7276A08A6537}.Debug|Any CPU.ActiveCfg = Debug|Any CPU
		{047B28B4-D5EE-4D7F-A88C-7276A08A6537}.Debug|Any CPU.Build.0 = Debug|Any CPU
		{047B28B4-D5EE-4D7F-A88C-7276A08A6537}.Release|Any CPU.ActiveCfg = Release|Any CPU
		{047B28B4-D5EE-4D7F-A88C-7276A08A6537}.Release|Any CPU.Build.0 = Release|Any CPU
	EndGlobalSection
	GlobalSection(SolutionProperties) = preSolution
		HideSolutionNode = FALSE
	EndGlobalSection
	GlobalSection(ExtensibilityGlobals) = postSolution
		SolutionGuid = {0D1C84F0-17B4-4649-A3E6-1F1D4EC95CC7}
	EndGlobalSection
EndGlobal
